{
    "_meta": {
        "hash": {
            "sha256": "b6ba97e9c823d846db4fe2b97eac89f1d6b80116619742574ff4c9119ecb6513"
        },
        "pipfile-spec": 6,
        "requires": {
            "python_version": "3.7"
        },
        "sources": [
            {
                "name": "pypi",
                "url": "https://pypi.org/simple",
                "verify_ssl": true
            }
        ]
    },
    "default": {
        "loguru": {
            "hashes": [
                "sha256:b6fad0d7aed357b5c147edcc6982606b933754338950b72d8123f48c150c5a4f",
                "sha256:e3138bfdee5f57481a2a6e078714be20f8c71ab1ff3f07f8fb1cfa25191fed2a"
            ],
            "index": "pypi",
            "version": "==0.3.2"
        }
    },
    "develop": {}
}
